
Microsoft Visual Studio Solution File, Format Version 11.00
# Visual Studio 2010
Project("{8BC9CEB8-8B4A-11D0-8D11-00A0C91BC942}") = "D-Wave Long-Range", "r1r2r3 Lambda D-Wave Ps-H Scattering Long-Range.vcxproj", "{37FEA576-8E66-4136-B22A-9EC0A64F21AD}"
EndProject
Global
	GlobalSection(SolutionConfigurationPlatforms) = preSolution
		Debug|Win32 = Debug|Win32
		Release|Win32 = Release|Win32
	EndGlobalSection
	GlobalSection(ProjectConfigurationPlatforms) = postSolution
		{37FEA576-8E66-4136-B22A-9EC0A64F21AD}.Debug|Win32.ActiveCfg = Debug|Win32
		{37FEA576-8E66-4136-B22A-9EC0A64F21AD}.Debug|Win32.Build.0 = Debug|Win32
		{37FEA576-8E66-4136-B22A-9EC0A64F21AD}.Release|Win32.ActiveCfg = Release|Win32
		{37FEA576-8E66-4136-B22A-9EC0A64F21AD}.Release|Win32.Build.0 = Release|Win32
	EndGlobalSection
	GlobalSection(SolutionProperties) = preSolution
		HideSolutionNode = FALSE
	EndGlobalSection
EndGlobal
